
Microsoft Visual Studio Solution File, Format Version 12.00
# Visual Studio Version 16
VisualStudioVersion = 16.0.31911.196
MinimumVisualStudioVersion = 10.0.40219.1
Project("{FAE04EC0-301F-11D3-BF4B-00C04F79EFBC}") = "DynamicProgramming", "DynamicProgramming.csproj", "{644483D8-50FE-46ED-853A-20764FDA04AF}"
EndProject
Global
	GlobalSection(SolutionConfigurationPlatforms) = preSolution
		Debug|Any CPU = Debug|Any CPU
		Release|Any CPU = Release|Any CPU
	EndGlobalSection
	GlobalSection(ProjectConfigurationPlatforms) = postSolution
		{644483D8-50FE-46ED-853A-20764FDA04AF}.Debug|Any CPU.ActiveCfg = Debug|Any CPU
		{644483D8-50FE-46ED-853A-20764FDA04AF}.Debug|Any CPU.Build.0 = Debug|Any CPU
		{644483D8-50FE-46ED-853A-20764FDA04AF}.Release|Any CPU.ActiveCfg = Release|Any CPU
		{644483D8-50FE-46ED-853A-20764FDA04AF}.Release|Any CPU.Build.0 = Release|Any CPU
	EndGlobalSection
	GlobalSection(SolutionProperties) = preSolution
		HideSolutionNode = FALSE
	EndGlobalSection
	GlobalSection(ExtensibilityGlobals) = postSolution
		SolutionGuid = {36D758A7-A0A8-4CB9-9F24-57E0166AF836}
	EndGlobalSection
EndGlobal
