
Microsoft Visual Studio Solution File, Format Version 12.00
# Visual Studio Version 16
VisualStudioVersion = 16.0.31911.196
MinimumVisualStudioVersion = 10.0.40219.1
Project("{FAE04EC0-301F-11D3-BF4B-00C04F79EFBC}") = "Sorting", "Sorting.csproj", "{B968983E-9227-4227-AD3E-B4462D4166B0}"
EndProject
Global
	GlobalSection(SolutionConfigurationPlatforms) = preSolution
		Debug|Any CPU = Debug|Any CPU
		Release|Any CPU = Release|Any CPU
	EndGlobalSection
	GlobalSection(ProjectConfigurationPlatforms) = postSolution
		{B968983E-9227-4227-AD3E-B4462D4166B0}.Debug|Any CPU.ActiveCfg = Debug|Any CPU
		{B968983E-9227-4227-AD3E-B4462D4166B0}.Debug|Any CPU.Build.0 = Debug|Any CPU
		{B968983E-9227-4227-AD3E-B4462D4166B0}.Release|Any CPU.ActiveCfg = Release|Any CPU
		{B968983E-9227-4227-AD3E-B4462D4166B0}.Release|Any CPU.Build.0 = Release|Any CPU
	EndGlobalSection
	GlobalSection(SolutionProperties) = preSolution
		HideSolutionNode = FALSE
	EndGlobalSection
	GlobalSection(ExtensibilityGlobals) = postSolution
		SolutionGuid = {99EFDCD2-0C4C-4E22-92E5-DC45D56F19B2}
	EndGlobalSection
EndGlobal
